
Microsoft Visual Studio Solution File, Format Version 12.00
# Visual Studio 15
Project("{FAE04EC0-301F-11D3-BF4B-00C04F79EFBC}") = "Assembly-CSharp", "Assembly-CSharp.csproj", "{B555A8A6-2012-89B9-7B76-318C491E62E4}"
EndProject
Project("{FAE04EC0-301F-11D3-BF4B-00C04F79EFBC}") = "Assembly-CSharp-Editor", "Assembly-CSharp-Editor.csproj", "{D77DA610-141F-E7A1-3D94-0E1504C9DC33}"
EndProject
Global
	GlobalSection(SolutionConfigurationPlatforms) = preSolution
		Debug|Any CPU = Debug|Any CPU
		Release|Any CPU = Release|Any CPU
	EndGlobalSection
	GlobalSection(ProjectConfigurationPlatforms) = postSolution
		{B555A8A6-2012-89B9-7B76-318C491E62E4}.Debug|Any CPU.ActiveCfg = Debug|Any CPU
		{B555A8A6-2012-89B9-7B76-318C491E62E4}.Debug|Any CPU.Build.0 = Debug|Any CPU
		{B555A8A6-2012-89B9-7B76-318C491E62E4}.Release|Any CPU.ActiveCfg = Release|Any CPU
		{B555A8A6-2012-89B9-7B76-318C491E62E4}.Release|Any CPU.Build.0 = Release|Any CPU
		{D77DA610-141F-E7A1-3D94-0E1504C9DC33}.Debug|Any CPU.ActiveCfg = Debug|Any CPU
		{D77DA610-141F-E7A1-3D94-0E1504C9DC33}.Debug|Any CPU.Build.0 = Debug|Any CPU
		{D77DA610-141F-E7A1-3D94-0E1504C9DC33}.Release|Any CPU.ActiveCfg = Release|Any CPU
		{D77DA610-141F-E7A1-3D94-0E1504C9DC33}.Release|Any CPU.Build.0 = Release|Any CPU
	EndGlobalSection
	GlobalSection(SolutionProperties) = preSolution
		HideSolutionNode = FALSE
	EndGlobalSection
EndGlobal
